{
  "version": 4,
  "terraform_version": "1.5.1",
  "serial": 4,
  "lineage": "c86aa1d5-4f6b-0737-75fa-099014f5e57b",
  "outputs": {
    "ip_publico_dev": {
      "value": "34.212.22.134",
      "type": "string"
    }
  },
  "resources": [
    {
      "module": "module.AWS-Prod",
      "mode": "managed",
      "type": "aws_instance",
      "name": "app_server",
      "provider": "module.AWS-Prod.provider[\"registry.terraform.io/hashicorp/aws\"]",
      "instances": [
        {
          "schema_version": 1,
          "attributes": {
            "ami": "ami-03f65b8614a860c29",
            "arn": "arn:aws:ec2:us-west-2:157996939715:instance/i-02aabde250e9966f3",
            "associate_public_ip_address": true,
            "availability_zone": "us-west-2b",
            "capacity_reservation_specification": [
              {
                "capacity_reservation_preference": "open",
                "capacity_reservation_target": []
              }
            ],
            "cpu_core_count": 1,
            "cpu_options": [
              {
                "amd_sev_snp": "",
                "core_count": 1,
                "threads_per_core": 1
              }
            ],
            "cpu_threads_per_core": 1,
            "credit_specification": [
              {
                "cpu_credits": "standard"
              }
            ],
            "disable_api_stop": false,
            "disable_api_termination": false,
            "ebs_block_device": [],
            "ebs_optimized": false,
            "enclave_options": [
              {
                "enabled": false
              }
            ],
            "ephemeral_block_device": [],
            "get_password_data": false,
            "hibernation": false,
            "host_id": "",
            "host_resource_group_arn": null,
            "iam_instance_profile": "",
            "id": "i-02aabde250e9966f3",
            "instance_initiated_shutdown_behavior": "stop",
            "instance_state": "running",
            "instance_type": "t2.micro",
            "ipv6_address_count": 0,
            "ipv6_addresses": [],
            "key_name": "chavessh",
            "launch_template": [],
            "maintenance_options": [
              {
                "auto_recovery": "default"
              }
            ],
            "metadata_options": [
              {
                "http_endpoint": "enabled",
                "http_put_response_hop_limit": 1,
                "http_tokens": "optional",
                "instance_metadata_tags": "disabled"
              }
            ],
            "monitoring": false,
            "network_interface": [],
            "outpost_arn": "",
            "password_data": "",
            "placement_group": "",
            "placement_partition_number": 0,
            "primary_network_interface_id": "eni-0511269d4eb0f9b54",
            "private_dns": "ip-172-31-31-218.us-west-2.compute.internal",
            "private_dns_name_options": [
              {
                "enable_resource_name_dns_a_record": false,
                "enable_resource_name_dns_aaaa_record": false,
                "hostname_type": "ip-name"
              }
            ],
            "private_ip": "172.31.31.218",
            "public_dns": "ec2-34-212-22-134.us-west-2.compute.amazonaws.com",
            "public_ip": "34.212.22.134",
            "root_block_device": [
              {
                "delete_on_termination": true,
                "device_name": "/dev/sda1",
                "encrypted": false,
                "iops": 100,
                "kms_key_id": "",
                "tags": {},
                "throughput": 0,
                "volume_id": "vol-04d4d4a0788f32965",
                "volume_size": 8,
                "volume_type": "gp2"
              }
            ],
            "secondary_private_ips": [],
            "security_groups": [
              "sg_ec2_wp_iac"
            ],
            "source_dest_check": true,
            "subnet_id": "subnet-5e935626",
            "tags": {
              "Name": "WordPress com Terraform e Ansible - Prod"
            },
            "tags_all": {
              "Name": "WordPress com Terraform e Ansible - Prod"
            },
            "tenancy": "default",
            "timeouts": null,
            "user_data": null,
            "user_data_base64": null,
            "user_data_replace_on_change": false,
            "volume_tags": null,
            "vpc_security_group_ids": [
              "sg-040aedc37a788ae17"
            ]
          },
          "sensitive_attributes": [],
          "private": "eyJlMmJmYjczMC1lY2FhLTExZTYtOGY4OC0zNDM2M2JjN2M0YzAiOnsiY3JlYXRlIjo2MDAwMDAwMDAwMDAsImRlbGV0ZSI6MTIwMDAwMDAwMDAwMCwidXBkYXRlIjo2MDAwMDAwMDAwMDB9LCJzY2hlbWFfdmVyc2lvbiI6IjEifQ==",
          "dependencies": [
            "module.AWS-Prod.aws_security_group.sg_ec2_wp_iac"
          ]
        }
      ]
    },
    {
      "module": "module.AWS-Prod",
      "mode": "managed",
      "type": "aws_key_pair",
      "name": "KeySSH",
      "provider": "module.AWS-Prod.provider[\"registry.terraform.io/hashicorp/aws\"]",
      "instances": [
        {
          "schema_version": 1,
          "attributes": {
            "arn": "arn:aws:ec2:us-west-2:157996939715:key-pair/chavessh",
            "fingerprint": "e0:2b:bf:10:ce:15:29:a8:0e:a7:c1:92:3e:c2:c9:fb",
            "id": "chavessh",
            "key_name": "chavessh",
            "key_name_prefix": "",
            "key_pair_id": "key-0da54bee86c834ab8",
            "key_type": "rsa",
            "public_key": "ssh-rsa AAAAB3NzaC1yc2EAAAADAQABAAACAQDAGQbfXRp+fkyvFaJAgU+CyLoyguZpkN9sxBJR7Cvv4Jdqa9ZfxVQG+9Ai1/v9tK4emViD315Sh4OYmowams1blPFjZgvX3b1eStkUUUZm5HfJKgD8SlKbPlXWshDeXzCjSivVEghR2jDze+ve6vW5zOgHAiNss2qJCH6BrEXA1reVyLLpWIUcjogqEzUSqB6n+/ORi+KJ/q7lo3Qh7M2wv0Ft3Ktci/iUKgzcWuGEOpEDGag/AItCSsQV9FebGu9hFk0L1kqvILnxCNMsA3iu1QmporPyIDLXOf3oT44AWQFWwYMbM8y56I3GMghfvIHUVU9UznouQlAtfcYA4QSBDoO2HCPS5YrIPlfs/klCZ7aC3y243XZfJ+Vd7XnFOIUl/V2MOSb/XRvqHH4gEezJX+X/ecCr+KG9gNYJ4pSdHNw4R8Jy0XcCYi+XrrKiwCeN1YwWtkKeu8bwdXlQgfe3x542OVuMr+Y0ylf0WWrP1C/4Ff3kQvq8lK5K0FQcdqdM+O1CaH2OiXpBA/hBBh02rNxvEcViXVgZj23n17Vzg5fEjX9cQrLEorjCaz6++Ikyitx4ldfy9wNlkq0CjQyVJV2IQsEc09wCeex9T9ERiMpJTfduCQ6oCbfLWdmS94O8qt0uleIQW2mLnBmMBCmbI0rfplIBc8DsnMM63ja5bw== luiz@MBA.local",
            "tags": null,
            "tags_all": {}
          },
          "sensitive_attributes": [],
          "private": "eyJzY2hlbWFfdmVyc2lvbiI6IjEifQ=="
        }
      ]
    },
    {
      "module": "module.AWS-Prod",
      "mode": "managed",
      "type": "aws_security_group",
      "name": "sg_ec2_wp_iac",
      "provider": "module.AWS-Prod.provider[\"registry.terraform.io/hashicorp/aws\"]",
      "instances": [
        {
          "schema_version": 1,
          "attributes": {
            "arn": "arn:aws:ec2:us-west-2:157996939715:security-group/sg-040aedc37a788ae17",
            "description": "Security Group WordPress",
            "egress": [
              {
                "cidr_blocks": [
                  "0.0.0.0/0"
                ],
                "description": "",
                "from_port": 0,
                "ipv6_cidr_blocks": [
                  "::/0"
                ],
                "prefix_list_ids": [],
                "protocol": "-1",
                "security_groups": [],
                "self": false,
                "to_port": 0
              }
            ],
            "id": "sg-040aedc37a788ae17",
            "ingress": [
              {
                "cidr_blocks": [
                  "0.0.0.0/0"
                ],
                "description": "",
                "from_port": 0,
                "ipv6_cidr_blocks": [
                  "::/0"
                ],
                "prefix_list_ids": [],
                "protocol": "-1",
                "security_groups": [],
                "self": false,
                "to_port": 0
              }
            ],
            "name": "sg_ec2_wp_iac",
            "name_prefix": "",
            "owner_id": "157996939715",
            "revoke_rules_on_delete": false,
            "tags": {
              "Name": "sg_ec2_wp_iac"
            },
            "tags_all": {
              "Name": "sg_ec2_wp_iac"
            },
            "timeouts": null,
            "vpc_id": "vpc-83660efb"
          },
          "sensitive_attributes": [],
          "private": "eyJlMmJmYjczMC1lY2FhLTExZTYtOGY4OC0zNDM2M2JjN2M0YzAiOnsiY3JlYXRlIjo2MDAwMDAwMDAwMDAsImRlbGV0ZSI6OTAwMDAwMDAwMDAwfSwic2NoZW1hX3ZlcnNpb24iOiIxIn0="
        }
      ]
    }
  ],
  "check_results": null
}
